
Microsoft Visual Studio Solution File, Format Version 12.00
# Visual Studio Version 17
VisualStudioVersion = 17.3.32922.545
MinimumVisualStudioVersion = 10.0.40219.1
Project("{9A19103F-16F7-4668-BE54-9A1E7A4F7556}") = "FinancialTrader.Domain", "FinancialTrader.Domain\FinancialTrader.Domain.csproj", "{FBAD22FF-7B45-45C7-AA03-45CD420C3248}"
EndProject
Project("{9A19103F-16F7-4668-BE54-9A1E7A4F7556}") = "FinancialTrader.EntityFramework", "FinancialTrader.EntityFramework\FinancialTrader.EntityFramework.csproj", "{C55BDE46-97E3-447B-9470-F8E73D49A4C5}"
EndProject
Project("{FAE04EC0-301F-11D3-BF4B-00C04F79EFBC}") = "ConsoleApp1", "ConsoleApp1\ConsoleApp1.csproj", "{8D45D50A-438E-4D54-864F-8C32E12087B2}"
EndProject
Global
	GlobalSection(SolutionConfigurationPlatforms) = preSolution
		Debug|Any CPU = Debug|Any CPU
		Release|Any CPU = Release|Any CPU
	EndGlobalSection
	GlobalSection(ProjectConfigurationPlatforms) = postSolution
		{FBAD22FF-7B45-45C7-AA03-45CD420C3248}.Debug|Any CPU.ActiveCfg = Debug|Any CPU
		{FBAD22FF-7B45-45C7-AA03-45CD420C3248}.Debug|Any CPU.Build.0 = Debug|Any CPU
		{FBAD22FF-7B45-45C7-AA03-45CD420C3248}.Release|Any CPU.ActiveCfg = Release|Any CPU
		{FBAD22FF-7B45-45C7-AA03-45CD420C3248}.Release|Any CPU.Build.0 = Release|Any CPU
		{C55BDE46-97E3-447B-9470-F8E73D49A4C5}.Debug|Any CPU.ActiveCfg = Debug|Any CPU
		{C55BDE46-97E3-447B-9470-F8E73D49A4C5}.Debug|Any CPU.Build.0 = Debug|Any CPU
		{C55BDE46-97E3-447B-9470-F8E73D49A4C5}.Release|Any CPU.ActiveCfg = Release|Any CPU
		{C55BDE46-97E3-447B-9470-F8E73D49A4C5}.Release|Any CPU.Build.0 = Release|Any CPU
		{8D45D50A-438E-4D54-864F-8C32E12087B2}.Debug|Any CPU.ActiveCfg = Debug|Any CPU
		{8D45D50A-438E-4D54-864F-8C32E12087B2}.Debug|Any CPU.Build.0 = Debug|Any CPU
		{8D45D50A-438E-4D54-864F-8C32E12087B2}.Release|Any CPU.ActiveCfg = Release|Any CPU
		{8D45D50A-438E-4D54-864F-8C32E12087B2}.Release|Any CPU.Build.0 = Release|Any CPU
	EndGlobalSection
	GlobalSection(SolutionProperties) = preSolution
		HideSolutionNode = FALSE
	EndGlobalSection
	GlobalSection(ExtensibilityGlobals) = postSolution
		SolutionGuid = {DAD38D32-1C65-4E7B-ACF9-36B5510A886E}
	EndGlobalSection
EndGlobal
